
Microsoft Visual Studio Solution File, Format Version 12.00
# Visual Studio 2012
Project("{F2A71F9B-5D33-465A-A702-920D77279786}") = "FunctionalProgrammingUsingFSharp", "FunctionalProgrammingUsingFSharp.fsproj", "{53A0AE05-0A65-49AA-9606-4C7973AD96E4}"
EndProject
Global
	GlobalSection(SolutionConfigurationPlatforms) = preSolution
		Debug|Any CPU = Debug|Any CPU
		Release|Any CPU = Release|Any CPU
	EndGlobalSection
	GlobalSection(ProjectConfigurationPlatforms) = postSolution
		{53A0AE05-0A65-49AA-9606-4C7973AD96E4}.Debug|Any CPU.ActiveCfg = Debug|Any CPU
		{53A0AE05-0A65-49AA-9606-4C7973AD96E4}.Debug|Any CPU.Build.0 = Debug|Any CPU
		{53A0AE05-0A65-49AA-9606-4C7973AD96E4}.Release|Any CPU.ActiveCfg = Release|Any CPU
		{53A0AE05-0A65-49AA-9606-4C7973AD96E4}.Release|Any CPU.Build.0 = Release|Any CPU
	EndGlobalSection
	GlobalSection(SolutionProperties) = preSolution
		HideSolutionNode = FALSE
	EndGlobalSection
EndGlobal
